// !$*UTF8*$!
{
	archiveVersion = 1;
	classes = {
	};
	objectVersion = 55;
	objects = {

/* Begin PBXBuildFile section */
		980DDC2D27B60076008B2306 /* MovieManagerTests.swift in Sources */ = {isa = PBXBuildFile; fileRef = 980DDC2C27B60076008B2306 /* MovieManagerTests.swift */; };
		980DDC2F27B60127008B2306 /* MovieManager.swift in Sources */ = {isa = PBXBuildFile; fileRef = 980DDC2E27B60127008B2306 /* MovieManager.swift */; };
		981712F227BC587C005EBAFD /* MovieCell.swift in Sources */ = {isa = PBXBuildFile; fileRef = 981712F127BC587C005EBAFD /* MovieCell.swift */; };
		981712F527BC909E005EBAFD /* MockExtensions.swift in Sources */ = {isa = PBXBuildFile; fileRef = 981712F427BC909E005EBAFD /* MockExtensions.swift */; };
		981712F827BC9E3C005EBAFD /* MovieCellTests.swift in Sources */ = {isa = PBXBuildFile; fileRef = 981712F727BC9E3C005EBAFD /* MovieCellTests.swift */; };
		981F26F627B50731000F0C9A /* AppDelegate.swift in Sources */ = {isa = PBXBuildFile; fileRef = 981F26F527B50731000F0C9A /* AppDelegate.swift */; };
		981F26F827B50731000F0C9A /* SceneDelegate.swift in Sources */ = {isa = PBXBuildFile; fileRef = 981F26F727B50731000F0C9A /* SceneDelegate.swift */; };
		981F26FD27B50731000F0C9A /* Main.storyboard in Resources */ = {isa = PBXBuildFile; fileRef = 981F26FB27B50731000F0C9A /* Main.storyboard */; };
		981F26FF27B50733000F0C9A /* Assets.xcassets in Resources */ = {isa = PBXBuildFile; fileRef = 981F26FE27B50733000F0C9A /* Assets.xcassets */; };
		981F270227B50733000F0C9A /* LaunchScreen.storyboard in Resources */ = {isa = PBXBuildFile; fileRef = 981F270027B50733000F0C9A /* LaunchScreen.storyboard */; };
		981F271727B50733000F0C9A /* FilmFestUITests.swift in Sources */ = {isa = PBXBuildFile; fileRef = 981F271627B50733000F0C9A /* FilmFestUITests.swift */; };
		981F271927B50733000F0C9A /* FilmFestUITestsLaunchTests.swift in Sources */ = {isa = PBXBuildFile; fileRef = 981F271827B50733000F0C9A /* FilmFestUITestsLaunchTests.swift */; };
		981F272627B50968000F0C9A /* MovieStructTests.swift in Sources */ = {isa = PBXBuildFile; fileRef = 981F272527B50968000F0C9A /* MovieStructTests.swift */; };
		981F272827B50F70000F0C9A /* Movie.swift in Sources */ = {isa = PBXBuildFile; fileRef = 981F272727B50F70000F0C9A /* Movie.swift */; };
		987896DB27B6C59A00EFCF9D /* LibraryViewControllerTests.swift in Sources */ = {isa = PBXBuildFile; fileRef = 987896DA27B6C59A00EFCF9D /* LibraryViewControllerTests.swift */; };
		987896DD27B6CA1000EFCF9D /* LibraryViewController.swift in Sources */ = {isa = PBXBuildFile; fileRef = 987896DC27B6CA1000EFCF9D /* LibraryViewController.swift */; };
		987896E027B6E50000EFCF9D /* MovieLibraryDataService.swift in Sources */ = {isa = PBXBuildFile; fileRef = 987896DF27B6E50000EFCF9D /* MovieLibraryDataService.swift */; };
		987896E327B7687600EFCF9D /* MovieLibraryDataServiceTests.swift in Sources */ = {isa = PBXBuildFile; fileRef = 987896E227B7687600EFCF9D /* MovieLibraryDataServiceTests.swift */; };
/* End PBXBuildFile section */

/* Begin PBXContainerItemProxy section */
		981F270927B50733000F0C9A /* PBXContainerItemProxy */ = {
			isa = PBXContainerItemProxy;
			containerPortal = 981F26EA27B50731000F0C9A /* Project object */;
			proxyType = 1;
			remoteGlobalIDString = 981F26F127B50731000F0C9A;
			remoteInfo = FilmFest;
		};
		981F271327B50733000F0C9A /* PBXContainerItemProxy */ = {
			isa = PBXContainerItemProxy;
			containerPortal = 981F26EA27B50731000F0C9A /* Project object */;
			proxyType = 1;
			remoteGlobalIDString = 981F26F127B50731000F0C9A;
			remoteInfo = FilmFest;
		};
/* End PBXContainerItemProxy section */

/* Begin PBXFileReference section */
		980DDC2C27B60076008B2306 /* MovieManagerTests.swift */ = {isa = PBXFileReference; lastKnownFileType = sourcecode.swift; path = MovieManagerTests.swift; sourceTree = "<group>"; };
		980DDC2E27B60127008B2306 /* MovieManager.swift */ = {isa = PBXFileReference; lastKnownFileType = sourcecode.swift; path = MovieManager.swift; sourceTree = "<group>"; };
		981712F127BC587C005EBAFD /* MovieCell.swift */ = {isa = PBXFileReference; lastKnownFileType = sourcecode.swift; path = MovieCell.swift; sourceTree = "<group>"; };
		981712F427BC909E005EBAFD /* MockExtensions.swift */ = {isa = PBXFileReference; lastKnownFileType = sourcecode.swift; path = MockExtensions.swift; sourceTree = "<group>"; };
		981712F727BC9E3C005EBAFD /* MovieCellTests.swift */ = {isa = PBXFileReference; lastKnownFileType = sourcecode.swift; path = MovieCellTests.swift; sourceTree = "<group>"; };
		981F26F227B50731000F0C9A /* FilmFest.app */ = {isa = PBXFileReference; explicitFileType = wrapper.application; includeInIndex = 0; path = FilmFest.app; sourceTree = BUILT_PRODUCTS_DIR; };
		981F26F527B50731000F0C9A /* AppDelegate.swift */ = {isa = PBXFileReference; lastKnownFileType = sourcecode.swift; path = AppDelegate.swift; sourceTree = "<group>"; };
		981F26F727B50731000F0C9A /* SceneDelegate.swift */ = {isa = PBXFileReference; lastKnownFileType = sourcecode.swift; path = SceneDelegate.swift; sourceTree = "<group>"; };
		981F26FC27B50731000F0C9A /* Base */ = {isa = PBXFileReference; lastKnownFileType = file.storyboard; name = Base; path = Base.lproj/Main.storyboard; sourceTree = "<group>"; };
		981F26FE27B50733000F0C9A /* Assets.xcassets */ = {isa = PBXFileReference; lastKnownFileType = folder.assetcatalog; path = Assets.xcassets; sourceTree = "<group>"; };
		981F270127B50733000F0C9A /* Base */ = {isa = PBXFileReference; lastKnownFileType = file.storyboard; name = Base; path = Base.lproj/LaunchScreen.storyboard; sourceTree = "<group>"; };
		981F270327B50733000F0C9A /* Info.plist */ = {isa = PBXFileReference; lastKnownFileType = text.plist.xml; path = Info.plist; sourceTree = "<group>"; };
		981F270827B50733000F0C9A /* FilmFestTests.xctest */ = {isa = PBXFileReference; explicitFileType = wrapper.cfbundle; includeInIndex = 0; path = FilmFestTests.xctest; sourceTree = BUILT_PRODUCTS_DIR; };
		981F271227B50733000F0C9A /* FilmFestUITests.xctest */ = {isa = PBXFileReference; explicitFileType = wrapper.cfbundle; includeInIndex = 0; path = FilmFestUITests.xctest; sourceTree = BUILT_PRODUCTS_DIR; };
		981F271627B50733000F0C9A /* FilmFestUITests.swift */ = {isa = PBXFileReference; lastKnownFileType = sourcecode.swift; path = FilmFestUITests.swift; sourceTree = "<group>"; };
		981F271827B50733000F0C9A /* FilmFestUITestsLaunchTests.swift */ = {isa = PBXFileReference; lastKnownFileType = sourcecode.swift; path = FilmFestUITestsLaunchTests.swift; sourceTree = "<group>"; };
		981F272527B50968000F0C9A /* MovieStructTests.swift */ = {isa = PBXFileReference; lastKnownFileType = sourcecode.swift; path = MovieStructTests.swift; sourceTree = "<group>"; };
		981F272727B50F70000F0C9A /* Movie.swift */ = {isa = PBXFileReference; lastKnownFileType = sourcecode.swift; path = Movie.swift; sourceTree = "<group>"; };
		987896DA27B6C59A00EFCF9D /* LibraryViewControllerTests.swift */ = {isa = PBXFileReference; lastKnownFileType = sourcecode.swift; path = LibraryViewControllerTests.swift; sourceTree = "<group>"; };
		987896DC27B6CA1000EFCF9D /* LibraryViewController.swift */ = {isa = PBXFileReference; lastKnownFileType = sourcecode.swift; path = LibraryViewController.swift; sourceTree = "<group>"; };
		987896DF27B6E50000EFCF9D /* MovieLibraryDataService.swift */ = {isa = PBXFileReference; lastKnownFileType = sourcecode.swift; path = MovieLibraryDataService.swift; sourceTree = "<group>"; };
		987896E227B7687600EFCF9D /* MovieLibraryDataServiceTests.swift */ = {isa = PBXFileReference; lastKnownFileType = sourcecode.swift; path = MovieLibraryDataServiceTests.swift; sourceTree = "<group>"; };
/* End PBXFileReference section */

/* Begin PBXFrameworksBuildPhase section */
		981F26EF27B50731000F0C9A /* Frameworks */ = {
			isa = PBXFrameworksBuildPhase;
			buildActionMask = 2147483647;
			files = (
			);
			runOnlyForDeploymentPostprocessing = 0;
		};
		981F270527B50733000F0C9A /* Frameworks */ = {
			isa = PBXFrameworksBuildPhase;
			buildActionMask = 2147483647;
			files = (
			);
			runOnlyForDeploymentPostprocessing = 0;
		};
		981F270F27B50733000F0C9A /* Frameworks */ = {
			isa = PBXFrameworksBuildPhase;
			buildActionMask = 2147483647;
			files = (
			);
			runOnlyForDeploymentPostprocessing = 0;
		};
/* End PBXFrameworksBuildPhase section */

/* Begin PBXGroup section */
		980DDC2827B5FFF5008B2306 /* Models */ = {
			isa = PBXGroup;
			children = (
				981F272727B50F70000F0C9A /* Movie.swift */,
				980DDC2E27B60127008B2306 /* MovieManager.swift */,
			);
			path = Models;
			sourceTree = "<group>";
		};
		980DDC2927B5FFFD008B2306 /* Controllers */ = {
			isa = PBXGroup;
			children = (
				987896DC27B6CA1000EFCF9D /* LibraryViewController.swift */,
			);
			path = Controllers;
			sourceTree = "<group>";
		};
		980DDC2A27B6001A008B2306 /* TestModels */ = {
			isa = PBXGroup;
			children = (
				981F272527B50968000F0C9A /* MovieStructTests.swift */,
				980DDC2C27B60076008B2306 /* MovieManagerTests.swift */,
			);
			path = TestModels;
			sourceTree = "<group>";
		};
		980DDC2B27B60027008B2306 /* TestControllers */ = {
			isa = PBXGroup;
			children = (
				987896DA27B6C59A00EFCF9D /* LibraryViewControllerTests.swift */,
			);
			path = TestControllers;
			sourceTree = "<group>";
		};
		981712F027BC585E005EBAFD /* Views */ = {
			isa = PBXGroup;
			children = (
				981712F127BC587C005EBAFD /* MovieCell.swift */,
			);
			path = Views;
			sourceTree = "<group>";
		};
		981712F327BC9073005EBAFD /* Mocks */ = {
			isa = PBXGroup;
			children = (
				981712F427BC909E005EBAFD /* MockExtensions.swift */,
			);
			path = Mocks;
			sourceTree = "<group>";
		};
		981712F627BC9DF0005EBAFD /* TestViews */ = {
			isa = PBXGroup;
			children = (
				981712F727BC9E3C005EBAFD /* MovieCellTests.swift */,
			);
			path = TestViews;
			sourceTree = "<group>";
		};
		981F26E927B50731000F0C9A = {
			isa = PBXGroup;
			children = (
				981F26F427B50731000F0C9A /* FilmFest */,
				981F270B27B50733000F0C9A /* FilmFestTests */,
				981F271527B50733000F0C9A /* FilmFestUITests */,
				981F26F327B50731000F0C9A /* Products */,
			);
			sourceTree = "<group>";
		};
		981F26F327B50731000F0C9A /* Products */ = {
			isa = PBXGroup;
			children = (
				981F26F227B50731000F0C9A /* FilmFest.app */,
				981F270827B50733000F0C9A /* FilmFestTests.xctest */,
				981F271227B50733000F0C9A /* FilmFestUITests.xctest */,
			);
			name = Products;
			sourceTree = "<group>";
		};
		981F26F427B50731000F0C9A /* FilmFest */ = {
			isa = PBXGroup;
			children = (
				981712F027BC585E005EBAFD /* Views */,
				987896DE27B6E4E000EFCF9D /* DataService */,
				980DDC2827B5FFF5008B2306 /* Models */,
				980DDC2927B5FFFD008B2306 /* Controllers */,
				981F26F527B50731000F0C9A /* AppDelegate.swift */,
				981F26F727B50731000F0C9A /* SceneDelegate.swift */,
				981F26FB27B50731000F0C9A /* Main.storyboard */,
				981F26FE27B50733000F0C9A /* Assets.xcassets */,
				981F270027B50733000F0C9A /* LaunchScreen.storyboard */,
				981F270327B50733000F0C9A /* Info.plist */,
			);
			path = FilmFest;
			sourceTree = "<group>";
		};
		981F270B27B50733000F0C9A /* FilmFestTests */ = {
			isa = PBXGroup;
			children = (
				981712F327BC9073005EBAFD /* Mocks */,
				981712F627BC9DF0005EBAFD /* TestViews */,
				987896E127B7683600EFCF9D /* TestDataService */,
				980DDC2A27B6001A008B2306 /* TestModels */,
				980DDC2B27B60027008B2306 /* TestControllers */,
			);
			path = FilmFestTests;
			sourceTree = "<group>";
		};
		981F271527B50733000F0C9A /* FilmFestUITests */ = {
			isa = PBXGroup;
			children = (
				981F271627B50733000F0C9A /* FilmFestUITests.swift */,
				981F271827B50733000F0C9A /* FilmFestUITestsLaunchTests.swift */,
			);
			path = FilmFestUITests;
			sourceTree = "<group>";
		};
		987896DE27B6E4E000EFCF9D /* DataService */ = {
			isa = PBXGroup;
			children = (
				987896DF27B6E50000EFCF9D /* MovieLibraryDataService.swift */,
			);
			path = DataService;
			sourceTree = "<group>";
		};
		987896E127B7683600EFCF9D /* TestDataService */ = {
			isa = PBXGroup;
			children = (
				987896E227B7687600EFCF9D /* MovieLibraryDataServiceTests.swift */,
			);
			path = TestDataService;
			sourceTree = "<group>";
		};
/* End PBXGroup section */

/* Begin PBXNativeTarget section */
		981F26F127B50731000F0C9A /* FilmFest */ = {
			isa = PBXNativeTarget;
			buildConfigurationList = 981F271C27B50733000F0C9A /* Build configuration list for PBXNativeTarget "FilmFest" */;
			buildPhases = (
				981F26EE27B50731000F0C9A /* Sources */,
				981F26EF27B50731000F0C9A /* Frameworks */,
				981F26F027B50731000F0C9A /* Resources */,
			);
			buildRules = (
			);
			dependencies = (
			);
			name = FilmFest;
			productName = FilmFest;
			productReference = 981F26F227B50731000F0C9A /* FilmFest.app */;
			productType = "com.apple.product-type.application";
		};
		981F270727B50733000F0C9A /* FilmFestTests */ = {
			isa = PBXNativeTarget;
			buildConfigurationList = 981F271F27B50733000F0C9A /* Build configuration list for PBXNativeTarget "FilmFestTests" */;
			buildPhases = (
				981F270427B50733000F0C9A /* Sources */,
				981F270527B50733000F0C9A /* Frameworks */,
				981F270627B50733000F0C9A /* Resources */,
			);
			buildRules = (
			);
			dependencies = (
				981F270A27B50733000F0C9A /* PBXTargetDependency */,
			);
			name = FilmFestTests;
			productName = FilmFestTests;
			productReference = 981F270827B50733000F0C9A /* FilmFestTests.xctest */;
			productType = "com.apple.product-type.bundle.unit-test";
		};
		981F271127B50733000F0C9A /* FilmFestUITests */ = {
			isa = PBXNativeTarget;
			buildConfigurationList = 981F272227B50733000F0C9A /* Build configuration list for PBXNativeTarget "FilmFestUITests" */;
			buildPhases = (
				981F270E27B50733000F0C9A /* Sources */,
				981F270F27B50733000F0C9A /* Frameworks */,
				981F271027B50733000F0C9A /* Resources */,
			);
			buildRules = (
			);
			dependencies = (
				981F271427B50733000F0C9A /* PBXTargetDependency */,
			);
			name = FilmFestUITests;
			productName = FilmFestUITests;
			productReference = 981F271227B50733000F0C9A /* FilmFestUITests.xctest */;
			productType = "com.apple.product-type.bundle.ui-testing";
		};
/* End PBXNativeTarget section */

/* Begin PBXProject section */
		981F26EA27B50731000F0C9A /* Project object */ = {
			isa = PBXProject;
			attributes = {
				BuildIndependentTargetsInParallel = 1;
				LastSwiftUpdateCheck = 1320;
				LastUpgradeCheck = 1320;
				TargetAttributes = {
					981F26F127B50731000F0C9A = {
						CreatedOnToolsVersion = 13.2.1;
					};
					981F270727B50733000F0C9A = {
						CreatedOnToolsVersion = 13.2.1;
						LastSwiftMigration = 1320;
						TestTargetID = 981F26F127B50731000F0C9A;
					};
					981F271127B50733000F0C9A = {
						CreatedOnToolsVersion = 13.2.1;
						TestTargetID = 981F26F127B50731000F0C9A;
					};
				};
			};
			buildConfigurationList = 981F26ED27B50731000F0C9A /* Build configuration list for PBXProject "FilmFest" */;
			compatibilityVersion = "Xcode 13.0";
			developmentRegion = en;
			hasScannedForEncodings = 0;
			knownRegions = (
				en,
				Base,
			);
			mainGroup = 981F26E927B50731000F0C9A;
			productRefGroup = 981F26F327B50731000F0C9A /* Products */;
			projectDirPath = "";
			projectRoot = "";
			targets = (
				981F26F127B50731000F0C9A /* FilmFest */,
				981F270727B50733000F0C9A /* FilmFestTests */,
				981F271127B50733000F0C9A /* FilmFestUITests */,
			);
		};
/* End PBXProject section */

/* Begin PBXResourcesBuildPhase section */
		981F26F027B50731000F0C9A /* Resources */ = {
			isa = PBXResourcesBuildPhase;
			buildActionMask = 2147483647;
			files = (
				981F270227B50733000F0C9A /* LaunchScreen.storyboard in Resources */,
				981F26FF27B50733000F0C9A /* Assets.xcassets in Resources */,
				981F26FD27B50731000F0C9A /* Main.storyboard in Resources */,
			);
			runOnlyForDeploymentPostprocessing = 0;
		};
		981F270627B50733000F0C9A /* Resources */ = {
			isa = PBXResourcesBuildPhase;
			buildActionMask = 2147483647;
			files = (
			);
			runOnlyForDeploymentPostprocessing = 0;
		};
		981F271027B50733000F0C9A /* Resources */ = {
			isa = PBXResourcesBuildPhase;
			buildActionMask = 2147483647;
			files = (
			);
			runOnlyForDeploymentPostprocessing = 0;
		};
/* End PBXResourcesBuildPhase section */

/* Begin PBXSourcesBuildPhase section */
		981F26EE27B50731000F0C9A /* Sources */ = {
			isa = PBXSourcesBuildPhase;
			buildActionMask = 2147483647;
			files = (
				981712F227BC587C005EBAFD /* MovieCell.swift in Sources */,
				981F26F627B50731000F0C9A /* AppDelegate.swift in Sources */,
				980DDC2F27B60127008B2306 /* MovieManager.swift in Sources */,
				987896E027B6E50000EFCF9D /* MovieLibraryDataService.swift in Sources */,
				981F272827B50F70000F0C9A /* Movie.swift in Sources */,
				987896DD27B6CA1000EFCF9D /* LibraryViewController.swift in Sources */,
				981F26F827B50731000F0C9A /* SceneDelegate.swift in Sources */,
			);
			runOnlyForDeploymentPostprocessing = 0;
		};
		981F270427B50733000F0C9A /* Sources */ = {
			isa = PBXSourcesBuildPhase;
			buildActionMask = 2147483647;
			files = (
				987896E327B7687600EFCF9D /* MovieLibraryDataServiceTests.swift in Sources */,
				980DDC2D27B60076008B2306 /* MovieManagerTests.swift in Sources */,
				981F272627B50968000F0C9A /* MovieStructTests.swift in Sources */,
				981712F527BC909E005EBAFD /* MockExtensions.swift in Sources */,
				981712F827BC9E3C005EBAFD /* MovieCellTests.swift in Sources */,
				987896DB27B6C59A00EFCF9D /* LibraryViewControllerTests.swift in Sources */,
			);
			runOnlyForDeploymentPostprocessing = 0;
		};
		981F270E27B50733000F0C9A /* Sources */ = {
			isa = PBXSourcesBuildPhase;
			buildActionMask = 2147483647;
			files = (
				981F271927B50733000F0C9A /* FilmFestUITestsLaunchTests.swift in Sources */,
				981F271727B50733000F0C9A /* FilmFestUITests.swift in Sources */,
			);
			runOnlyForDeploymentPostprocessing = 0;
		};
/* End PBXSourcesBuildPhase section */

/* Begin PBXTargetDependency section */
		981F270A27B50733000F0C9A /* PBXTargetDependency */ = {
			isa = PBXTargetDependency;
			target = 981F26F127B50731000F0C9A /* FilmFest */;
			targetProxy = 981F270927B50733000F0C9A /* PBXContainerItemProxy */;
		};
		981F271427B50733000F0C9A /* PBXTargetDependency */ = {
			isa = PBXTargetDependency;
			target = 981F26F127B50731000F0C9A /* FilmFest */;
			targetProxy = 981F271327B50733000F0C9A /* PBXContainerItemProxy */;
		};
/* End PBXTargetDependency section */

/* Begin PBXVariantGroup section */
		981F26FB27B50731000F0C9A /* Main.storyboard */ = {
			isa = PBXVariantGroup;
			children = (
				981F26FC27B50731000F0C9A /* Base */,
			);
			name = Main.storyboard;
			sourceTree = "<group>";
		};
		981F270027B50733000F0C9A /* LaunchScreen.storyboard */ = {
			isa = PBXVariantGroup;
			children = (
				981F270127B50733000F0C9A /* Base */,
			);
			name = LaunchScreen.storyboard;
			sourceTree = "<group>";
		};
/* End PBXVariantGroup section */

/* Begin XCBuildConfiguration section */
		981F271A27B50733000F0C9A /* Debug */ = {
			isa = XCBuildConfiguration;
			buildSettings = {
				ALWAYS_SEARCH_USER_PATHS = NO;
				CLANG_ANALYZER_NONNULL = YES;
				CLANG_ANALYZER_NUMBER_OBJECT_CONVERSION = YES_AGGRESSIVE;
				CLANG_CXX_LANGUAGE_STANDARD = "gnu++17";
				CLANG_CXX_LIBRARY = "libc++";
				CLANG_ENABLE_MODULES = YES;
				CLANG_ENABLE_OBJC_ARC = YES;
				CLANG_ENABLE_OBJC_WEAK = YES;
				CLANG_WARN_BLOCK_CAPTURE_AUTORELEASING = YES;
				CLANG_WARN_BOOL_CONVERSION = YES;
				CLANG_WARN_COMMA = YES;
				CLANG_WARN_CONSTANT_CONVERSION = YES;
				CLANG_WARN_DEPRECATED_OBJC_IMPLEMENTATIONS = YES;
				CLANG_WARN_DIRECT_OBJC_ISA_USAGE = YES_ERROR;
				CLANG_WARN_DOCUMENTATION_COMMENTS = YES;
				CLANG_WARN_EMPTY_BODY = YES;
				CLANG_WARN_ENUM_CONVERSION = YES;
				CLANG_WARN_INFINITE_RECURSION = YES;
				CLANG_WARN_INT_CONVERSION = YES;
				CLANG_WARN_NON_LITERAL_NULL_CONVERSION = YES;
				CLANG_WARN_OBJC_IMPLICIT_RETAIN_SELF = YES;
				CLANG_WARN_OBJC_LITERAL_CONVERSION = YES;
				CLANG_WARN_OBJC_ROOT_CLASS = YES_ERROR;
				CLANG_WARN_QUOTED_INCLUDE_IN_FRAMEWORK_HEADER = YES;
				CLANG_WARN_RANGE_LOOP_ANALYSIS = YES;
				CLANG_WARN_STRICT_PROTOTYPES = YES;
				CLANG_WARN_SUSPICIOUS_MOVE = YES;
				CLANG_WARN_UNGUARDED_AVAILABILITY = YES_AGGRESSIVE;
				CLANG_WARN_UNREACHABLE_CODE = YES;
				CLANG_WARN__DUPLICATE_METHOD_MATCH = YES;
				COPY_PHASE_STRIP = NO;
				DEBUG_INFORMATION_FORMAT = dwarf;
				ENABLE_STRICT_OBJC_MSGSEND = YES;
				ENABLE_TESTABILITY = YES;
				GCC_C_LANGUAGE_STANDARD = gnu11;
				GCC_DYNAMIC_NO_PIC = NO;
				GCC_NO_COMMON_BLOCKS = YES;
				GCC_OPTIMIZATION_LEVEL = 0;
				GCC_PREPROCESSOR_DEFINITIONS = (
					"DEBUG=1",
					"$(inherited)",
				);
				GCC_WARN_64_TO_32_BIT_CONVERSION = YES;
				GCC_WARN_ABOUT_RETURN_TYPE = YES_ERROR;
				GCC_WARN_UNDECLARED_SELECTOR = YES;
				GCC_WARN_UNINITIALIZED_AUTOS = YES_AGGRESSIVE;
				GCC_WARN_UNUSED_FUNCTION = YES;
				GCC_WARN_UNUSED_VARIABLE = YES;
				IPHONEOS_DEPLOYMENT_TARGET = 15.2;
				MTL_ENABLE_DEBUG_INFO = INCLUDE_SOURCE;
				MTL_FAST_MATH = YES;
				ONLY_ACTIVE_ARCH = YES;
				SDKROOT = iphoneos;
				SWIFT_ACTIVE_COMPILATION_CONDITIONS = DEBUG;
				SWIFT_OPTIMIZATION_LEVEL = "-Onone";
			};
			name = Debug;
		};
		981F271B27B50733000F0C9A /* Release */ = {
			isa = XCBuildConfiguration;
			buildSettings = {
				ALWAYS_SEARCH_USER_PATHS = NO;
				CLANG_ANALYZER_NONNULL = YES;
				CLANG_ANALYZER_NUMBER_OBJECT_CONVERSION = YES_AGGRESSIVE;
				CLANG_CXX_LANGUAGE_STANDARD = "gnu++17";
				CLANG_CXX_LIBRARY = "libc++";
				CLANG_ENABLE_MODULES = YES;
				CLANG_ENABLE_OBJC_ARC = YES;
				CLANG_ENABLE_OBJC_WEAK = YES;
				CLANG_WARN_BLOCK_CAPTURE_AUTORELEASING = YES;
				CLANG_WARN_BOOL_CONVERSION = YES;
				CLANG_WARN_COMMA = YES;
				CLANG_WARN_CONSTANT_CONVERSION = YES;
				CLANG_WARN_DEPRECATED_OBJC_IMPLEMENTATIONS = YES;
				CLANG_WARN_DIRECT_OBJC_ISA_USAGE = YES_ERROR;
				CLANG_WARN_DOCUMENTATION_COMMENTS = YES;
				CLANG_WARN_EMPTY_BODY = YES;
				CLANG_WARN_ENUM_CONVERSION = YES;
				CLANG_WARN_INFINITE_RECURSION = YES;
				CLANG_WARN_INT_CONVERSION = YES;
				CLANG_WARN_NON_LITERAL_NULL_CONVERSION = YES;
				CLANG_WARN_OBJC_IMPLICIT_RETAIN_SELF = YES;
				CLANG_WARN_OBJC_LITERAL_CONVERSION = YES;
				CLANG_WARN_OBJC_ROOT_CLASS = YES_ERROR;
				CLANG_WARN_QUOTED_INCLUDE_IN_FRAMEWORK_HEADER = YES;
				CLANG_WARN_RANGE_LOOP_ANALYSIS = YES;
				CLANG_WARN_STRICT_PROTOTYPES = YES;
				CLANG_WARN_SUSPICIOUS_MOVE = YES;
				CLANG_WARN_UNGUARDED_AVAILABILITY = YES_AGGRESSIVE;
				CLANG_WARN_UNREACHABLE_CODE = YES;
				CLANG_WARN__DUPLICATE_METHOD_MATCH = YES;
				COPY_PHASE_STRIP = NO;
				DEBUG_INFORMATION_FORMAT = "dwarf-with-dsym";
				ENABLE_NS_ASSERTIONS = NO;
				ENABLE_STRICT_OBJC_MSGSEND = YES;
				GCC_C_LANGUAGE_STANDARD = gnu11;
				GCC_NO_COMMON_BLOCKS = YES;
				GCC_WARN_64_TO_32_BIT_CONVERSION = YES;
				GCC_WARN_ABOUT_RETURN_TYPE = YES_ERROR;
				GCC_WARN_UNDECLARED_SELECTOR = YES;
				GCC_WARN_UNINITIALIZED_AUTOS = YES_AGGRESSIVE;
				GCC_WARN_UNUSED_FUNCTION = YES;
				GCC_WARN_UNUSED_VARIABLE = YES;
				IPHONEOS_DEPLOYMENT_TARGET = 15.2;
				MTL_ENABLE_DEBUG_INFO = NO;
				MTL_FAST_MATH = YES;
				SDKROOT = iphoneos;
				SWIFT_COMPILATION_MODE = wholemodule;
				SWIFT_OPTIMIZATION_LEVEL = "-O";
				VALIDATE_PRODUCT = YES;
			};
			name = Release;
		};
		981F271D27B50733000F0C9A /* Debug */ = {
			isa = XCBuildConfiguration;
			buildSettings = {
				ASSETCATALOG_COMPILER_APPICON_NAME = AppIcon;
				ASSETCATALOG_COMPILER_GLOBAL_ACCENT_COLOR_NAME = AccentColor;
				CODE_SIGN_STYLE = Automatic;
				CURRENT_PROJECT_VERSION = 1;
				DEVELOPMENT_TEAM = VMYY6P56LS;
				GENERATE_INFOPLIST_FILE = YES;
				INFOPLIST_FILE = FilmFest/Info.plist;
				INFOPLIST_KEY_UIApplicationSupportsIndirectInputEvents = YES;
				INFOPLIST_KEY_UILaunchStoryboardName = LaunchScreen;
				INFOPLIST_KEY_UIMainStoryboardFile = Main;
				INFOPLIST_KEY_UISupportedInterfaceOrientations_iPad = "UIInterfaceOrientationPortrait UIInterfaceOrientationPortraitUpsideDown UIInterfaceOrientationLandscapeLeft UIInterfaceOrientationLandscapeRight";
				INFOPLIST_KEY_UISupportedInterfaceOrientations_iPhone = "UIInterfaceOrientationPortrait UIInterfaceOrientationLandscapeLeft UIInterfaceOrientationLandscapeRight";
				LD_RUNPATH_SEARCH_PATHS = (
					"$(inherited)",
					"@executable_path/Frameworks",
				);
				MARKETING_VERSION = 1.0;
				PRODUCT_BUNDLE_IDENTIFIER = com.gayashan.FilmFest;
				PRODUCT_NAME = "$(TARGET_NAME)";
				SWIFT_EMIT_LOC_STRINGS = YES;
				SWIFT_VERSION = 5.0;
				TARGETED_DEVICE_FAMILY = "1,2";
			};
			name = Debug;
		};
		981F271E27B50733000F0C9A /* Release */ = {
			isa = XCBuildConfiguration;
			buildSettings = {
				ASSETCATALOG_COMPILER_APPICON_NAME = AppIcon;
				ASSETCATALOG_COMPILER_GLOBAL_ACCENT_COLOR_NAME = AccentColor;
				CODE_SIGN_STYLE = Automatic;
				CURRENT_PROJECT_VERSION = 1;
				DEVELOPMENT_TEAM = VMYY6P56LS;
				GENERATE_INFOPLIST_FILE = YES;
				INFOPLIST_FILE = FilmFest/Info.plist;
				INFOPLIST_KEY_UIApplicationSupportsIndirectInputEvents = YES;
				INFOPLIST_KEY_UILaunchStoryboardName = LaunchScreen;
				INFOPLIST_KEY_UIMainStoryboardFile = Main;
				INFOPLIST_KEY_UISupportedInterfaceOrientations_iPad = "UIInterfaceOrientationPortrait UIInterfaceOrientationPortraitUpsideDown UIInterfaceOrientationLandscapeLeft UIInterfaceOrientationLandscapeRight";
				INFOPLIST_KEY_UISupportedInterfaceOrientations_iPhone = "UIInterfaceOrientationPortrait UIInterfaceOrientationLandscapeLeft UIInterfaceOrientationLandscapeRight";
				LD_RUNPATH_SEARCH_PATHS = (
					"$(inherited)",
					"@executable_path/Frameworks",
				);
				MARKETING_VERSION = 1.0;
				PRODUCT_BUNDLE_IDENTIFIER = com.gayashan.FilmFest;
				PRODUCT_NAME = "$(TARGET_NAME)";
				SWIFT_EMIT_LOC_STRINGS = YES;
				SWIFT_VERSION = 5.0;
				TARGETED_DEVICE_FAMILY = "1,2";
			};
			name = Release;
		};
		981F272027B50733000F0C9A /* Debug */ = {
			isa = XCBuildConfiguration;
			buildSettings = {
				ALWAYS_EMBED_SWIFT_STANDARD_LIBRARIES = YES;
				BUNDLE_LOADER = "$(TEST_HOST)";
				CLANG_ENABLE_MODULES = YES;
				CODE_SIGN_STYLE = Automatic;
				CURRENT_PROJECT_VERSION = 1;
				DEVELOPMENT_TEAM = VMYY6P56LS;
				GENERATE_INFOPLIST_FILE = YES;
				IPHONEOS_DEPLOYMENT_TARGET = 15.2;
				LD_RUNPATH_SEARCH_PATHS = (
					"$(inherited)",
					"@executable_path/Frameworks",
					"@loader_path/Frameworks",
				);
				MARKETING_VERSION = 1.0;
				PRODUCT_BUNDLE_IDENTIFIER = com.gayashan.FilmFestTests;
				PRODUCT_NAME = "$(TARGET_NAME)";
				SWIFT_EMIT_LOC_STRINGS = NO;
				SWIFT_OPTIMIZATION_LEVEL = "-Onone";
				SWIFT_VERSION = 5.0;
				TARGETED_DEVICE_FAMILY = "1,2";
				TEST_HOST = "$(BUILT_PRODUCTS_DIR)/FilmFest.app/FilmFest";
			};
			name = Debug;
		};
		981F272127B50733000F0C9A /* Release */ = {
			isa = XCBuildConfiguration;
			buildSettings = {
				ALWAYS_EMBED_SWIFT_STANDARD_LIBRARIES = YES;
				BUNDLE_LOADER = "$(TEST_HOST)";
				CLANG_ENABLE_MODULES = YES;
				CODE_SIGN_STYLE = Automatic;
				CURRENT_PROJECT_VERSION = 1;
				DEVELOPMENT_TEAM = VMYY6P56LS;
				GENERATE_INFOPLIST_FILE = YES;
				IPHONEOS_DEPLOYMENT_TARGET = 15.2;
				LD_RUNPATH_SEARCH_PATHS = (
					"$(inherited)",
					"@executable_path/Frameworks",
					"@loader_path/Frameworks",
				);
				MARKETING_VERSION = 1.0;
				PRODUCT_BUNDLE_IDENTIFIER = com.gayashan.FilmFestTests;
				PRODUCT_NAME = "$(TARGET_NAME)";
				SWIFT_EMIT_LOC_STRINGS = NO;
				SWIFT_VERSION = 5.0;
				TARGETED_DEVICE_FAMILY = "1,2";
				TEST_HOST = "$(BUILT_PRODUCTS_DIR)/FilmFest.app/FilmFest";
			};
			name = Release;
		};
		981F272327B50733000F0C9A /* Debug */ = {
			isa = XCBuildConfiguration;
			buildSettings = {
				ALWAYS_EMBED_SWIFT_STANDARD_LIBRARIES = YES;
				CODE_SIGN_STYLE = Automatic;
				CURRENT_PROJECT_VERSION = 1;
				DEVELOPMENT_TEAM = VMYY6P56LS;
				GENERATE_INFOPLIST_FILE = YES;
				MARKETING_VERSION = 1.0;
				PRODUCT_BUNDLE_IDENTIFIER = com.gayashan.FilmFestUITests;
				PRODUCT_NAME = "$(TARGET_NAME)";
				SWIFT_EMIT_LOC_STRINGS = NO;
				SWIFT_VERSION = 5.0;
				TARGETED_DEVICE_FAMILY = "1,2";
				TEST_TARGET_NAME = FilmFest;
			};
			name = Debug;
		};
		981F272427B50733000F0C9A /* Release */ = {
			isa = XCBuildConfiguration;
			buildSettings = {
				ALWAYS_EMBED_SWIFT_STANDARD_LIBRARIES = YES;
				CODE_SIGN_STYLE = Automatic;
				CURRENT_PROJECT_VERSION = 1;
				DEVELOPMENT_TEAM = VMYY6P56LS;
				GENERATE_INFOPLIST_FILE = YES;
				MARKETING_VERSION = 1.0;
				PRODUCT_BUNDLE_IDENTIFIER = com.gayashan.FilmFestUITests;
				PRODUCT_NAME = "$(TARGET_NAME)";
				SWIFT_EMIT_LOC_STRINGS = NO;
				SWIFT_VERSION = 5.0;
				TARGETED_DEVICE_FAMILY = "1,2";
				TEST_TARGET_NAME = FilmFest;
			};
			name = Release;
		};
/* End XCBuildConfiguration section */

/* Begin XCConfigurationList section */
		981F26ED27B50731000F0C9A /* Build configuration list for PBXProject "FilmFest" */ = {
			isa = XCConfigurationList;
			buildConfigurations = (
				981F271A27B50733000F0C9A /* Debug */,
				981F271B27B50733000F0C9A /* Release */,
			);
			defaultConfigurationIsVisible = 0;
			defaultConfigurationName = Release;
		};
		981F271C27B50733000F0C9A /* Build configuration list for PBXNativeTarget "FilmFest" */ = {
			isa = XCConfigurationList;
			buildConfigurations = (
				981F271D27B50733000F0C9A /* Debug */,
				981F271E27B50733000F0C9A /* Release */,
			);
			defaultConfigurationIsVisible = 0;
			defaultConfigurationName = Release;
		};
		981F271F27B50733000F0C9A /* Build configuration list for PBXNativeTarget "FilmFestTests" */ = {
			isa = XCConfigurationList;
			buildConfigurations = (
				981F272027B50733000F0C9A /* Debug */,
				981F272127B50733000F0C9A /* Release */,
			);
			defaultConfigurationIsVisible = 0;
			defaultConfigurationName = Release;
		};
		981F272227B50733000F0C9A /* Build configuration list for PBXNativeTarget "FilmFestUITests" */ = {
			isa = XCConfigurationList;
			buildConfigurations = (
				981F272327B50733000F0C9A /* Debug */,
				981F272427B50733000F0C9A /* Release */,
			);
			defaultConfigurationIsVisible = 0;
			defaultConfigurationName = Release;
		};
/* End XCConfigurationList section */
	};
	rootObject = 981F26EA27B50731000F0C9A /* Project object */;
}
